{
  "name": "termite",
  "version": "1.0.0",
  "lockfileVersion": 2,
  "requires": true,
  "packages": {
    "": {
      "version": "1.0.0",
      "license": "GPL-3.0",
      "dependencies": {
        "zed": "github:SKYCRATE-ltd/zed"
      }
    },
    "node_modules/crux": {
      "version": "1.0.0",
      "resolved": "git+ssh://git@github.com/SKYCRATE-ltd/crux.git#45cff6005390abfece9808d9b1b5729b57a9a91b",
      "license": "GPL-3.0"
    },
    "node_modules/zed": {
      "version": "1.0.0",
      "resolved": "git+ssh://git@github.com/SKYCRATE-ltd/zed.git#c369b158e243c50c6f4b54fe6ad71d3db76beff9",
      "license": "GPL-3.0",
      "dependencies": {
        "crux": "github:SKYCRATE-ltd/crux"
      }
    }
  },
  "dependencies": {
    "crux": {
      "version": "git+ssh://git@github.com/SKYCRATE-ltd/crux.git#45cff6005390abfece9808d9b1b5729b57a9a91b",
      "from": "crux@github:SKYCRATE-ltd/crux"
    },
    "zed": {
      "version": "git+ssh://git@github.com/SKYCRATE-ltd/zed.git#c369b158e243c50c6f4b54fe6ad71d3db76beff9",
      "from": "zed@github:SKYCRATE-ltd/zed",
      "requires": {
        "crux": "github:SKYCRATE-ltd/crux"
      }
    }
  }
}
