{
  "name": "termite",
  "version": "1.0.0",
  "lockfileVersion": 2,
  "requires": true,
  "packages": {
    "": {
      "version": "1.0.0",
      "license": "GPL-3.0",
      "dependencies": {
        "computer": "github:SKYCRATE-ltd/computer",
        "zed": "github:SKYCRATE-ltd/zed"
      }
    },
    "node_modules/computer": {
      "version": "1.0.0",
      "resolved": "git+ssh://git@github.com/SKYCRATE-ltd/computer.git#f278a5531fbe09ebb1182f059ba3485fec7e3c3a",
      "license": "GPL-3.0"
    },
    "node_modules/crux": {
      "version": "1.0.0",
      "resolved": "git+ssh://git@github.com/SKYCRATE-ltd/crux.git#45cff6005390abfece9808d9b1b5729b57a9a91b",
      "license": "GPL-3.0"
    },
    "node_modules/zed": {
      "version": "1.0.0",
      "resolved": "git+ssh://git@github.com/SKYCRATE-ltd/zed.git#a7fd7bcae91df29340c7ea0f5420de306c618a16",
      "license": "GPL-3.0",
      "dependencies": {
        "crux": "github:SKYCRATE-ltd/crux"
      }
    }
  },
  "dependencies": {
    "computer": {
      "version": "git+ssh://git@github.com/SKYCRATE-ltd/computer.git#f278a5531fbe09ebb1182f059ba3485fec7e3c3a",
      "from": "computer@github:SKYCRATE-ltd/computer"
    },
    "crux": {
      "version": "git+ssh://git@github.com/SKYCRATE-ltd/crux.git#45cff6005390abfece9808d9b1b5729b57a9a91b",
      "from": "crux@github:SKYCRATE-ltd/crux"
    },
    "zed": {
      "version": "git+ssh://git@github.com/SKYCRATE-ltd/zed.git#a7fd7bcae91df29340c7ea0f5420de306c618a16",
      "from": "zed@github:SKYCRATE-ltd/zed",
      "requires": {
        "crux": "github:SKYCRATE-ltd/crux"
      }
    }
  }
}
